{
  "requires": true,
  "lockfileVersion": 1,
  "dependencies": {
    "harmonics": {
      "version": "1.1.0",
      "resolved": "https://registry.npmjs.org/harmonics/-/harmonics-1.1.0.tgz",
      "integrity": "sha512-LHSh7D6gn75NxvGog5qkdvBRweQVVNcncQhRgO/MW6pg749qZ78Q5EJV9xjr9Emqm/gIDQRdQIMo1xsrwruSQQ=="
    },
    "jsmidgen": {
      "version": "0.1.5",
      "resolved": "https://registry.npmjs.org/jsmidgen/-/jsmidgen-0.1.5.tgz",
      "integrity": "sha1-rQr9Y3XrEvUQZAJTk847rsOAWF0="
    },
    "scribbletune": {
      "version": "5.0.0-alpha.2",
      "resolved": "https://registry.npmjs.org/scribbletune/-/scribbletune-5.0.0-alpha.2.tgz",
      "integrity": "sha512-OUAT8lF+xa9yVRDUzubvZgESG12A47r81teGuRMLSXriAKlA7Z9ZKRN/whMC4+AFJKyyrx6V0O8TIJKA29XF0g==",
      "requires": {
        "harmonics": "^1.0.8",
        "jsmidgen": "~0.1.5"
      }
    }
  }
}
